
Microsoft Visual Studio Solution File, Format Version 12.00
# Visual Studio 15
VisualStudioVersion = 15.0.26730.10
MinimumVisualStudioVersion = 10.0.40219.1
Project("{888888A0-9F3D-457C-B088-3A5042F75D52}") = "7.20.в", "7.20.в\7.20.в.pyproj", "{D058BE6F-E1B8-474C-959F-150497F205A5}"
EndProject
Global
	GlobalSection(SolutionConfigurationPlatforms) = preSolution
		Debug|Any CPU = Debug|Any CPU
		Release|Any CPU = Release|Any CPU
	EndGlobalSection
	GlobalSection(ProjectConfigurationPlatforms) = postSolution
		{D058BE6F-E1B8-474C-959F-150497F205A5}.Debug|Any CPU.ActiveCfg = Debug|Any CPU
		{D058BE6F-E1B8-474C-959F-150497F205A5}.Release|Any CPU.ActiveCfg = Release|Any CPU
	EndGlobalSection
	GlobalSection(SolutionProperties) = preSolution
		HideSolutionNode = FALSE
	EndGlobalSection
	GlobalSection(ExtensibilityGlobals) = postSolution
		SolutionGuid = {4AF3D7EA-554B-4759-82DB-7F841DFEB215}
	EndGlobalSection
EndGlobal
