
Microsoft Visual Studio Solution File, Format Version 12.00
# Visual Studio 15
VisualStudioVersion = 15.0.26730.10
MinimumVisualStudioVersion = 10.0.40219.1
Project("{888888A0-9F3D-457C-B088-3A5042F75D52}") = "7.40", "7.40\7.40.pyproj", "{3B8D8802-5446-45A6-B9BD-076FB3C20FCE}"
EndProject
Global
	GlobalSection(SolutionConfigurationPlatforms) = preSolution
		Debug|Any CPU = Debug|Any CPU
		Release|Any CPU = Release|Any CPU
	EndGlobalSection
	GlobalSection(ProjectConfigurationPlatforms) = postSolution
		{3B8D8802-5446-45A6-B9BD-076FB3C20FCE}.Debug|Any CPU.ActiveCfg = Debug|Any CPU
		{3B8D8802-5446-45A6-B9BD-076FB3C20FCE}.Release|Any CPU.ActiveCfg = Release|Any CPU
	EndGlobalSection
	GlobalSection(SolutionProperties) = preSolution
		HideSolutionNode = FALSE
	EndGlobalSection
	GlobalSection(ExtensibilityGlobals) = postSolution
		SolutionGuid = {82165D77-7C70-40BF-A775-0199512F1C85}
	EndGlobalSection
EndGlobal
