
Microsoft Visual Studio Solution File, Format Version 12.00
# Visual Studio 15
VisualStudioVersion = 15.0.26730.8
MinimumVisualStudioVersion = 10.0.40219.1
Project("{888888A0-9F3D-457C-B088-3A5042F75D52}") = "5.85", "5.85\5.85.pyproj", "{6FD1445F-FD98-4AD4-89CF-96A18D21202D}"
EndProject
Global
	GlobalSection(SolutionConfigurationPlatforms) = preSolution
		Debug|Any CPU = Debug|Any CPU
		Release|Any CPU = Release|Any CPU
	EndGlobalSection
	GlobalSection(ProjectConfigurationPlatforms) = postSolution
		{6FD1445F-FD98-4AD4-89CF-96A18D21202D}.Debug|Any CPU.ActiveCfg = Debug|Any CPU
		{6FD1445F-FD98-4AD4-89CF-96A18D21202D}.Release|Any CPU.ActiveCfg = Release|Any CPU
	EndGlobalSection
	GlobalSection(SolutionProperties) = preSolution
		HideSolutionNode = FALSE
	EndGlobalSection
	GlobalSection(ExtensibilityGlobals) = postSolution
		SolutionGuid = {C17D9F9D-D77E-430D-A1BA-70A8210EA8D4}
	EndGlobalSection
EndGlobal
